
Microsoft Visual Studio Solution File, Format Version 12.00
# Visual Studio Version 17
VisualStudioVersion = 17.5.002.0
MinimumVisualStudioVersion = 10.0.40219.1
Project("{2150E333-8FDC-42A3-9474-1A3956D46DE8}") = "gen-ai", "gen-ai", "{7D4A239B-64EC-4E10-AF4E-79445278ECE3}"
EndProject
Project("{2150E333-8FDC-42A3-9474-1A3956D46DE8}") = "semantic-kernel-bot-in-a-box", "semantic-kernel-bot-in-a-box", "{C8CC9FE3-58B7-4E50-BDDF-0429893C58B7}"
EndProject
Project("{9A19103F-16F7-4668-BE54-9A1E7A4F7556}") = "SemanticKernelBot", "gen-ai\semantic-kernel-bot-in-a-box\src\SemanticKernelBot.csproj", "{742FE0FA-8520-4072-BCDE-BC15AFFFA4A5}"
EndProject
Global
	GlobalSection(SolutionConfigurationPlatforms) = preSolution
		Debug|Any CPU = Debug|Any CPU
		Release|Any CPU = Release|Any CPU
	EndGlobalSection
	GlobalSection(ProjectConfigurationPlatforms) = postSolution
		{742FE0FA-8520-4072-BCDE-BC15AFFFA4A5}.Debug|Any CPU.ActiveCfg = Debug|Any CPU
		{742FE0FA-8520-4072-BCDE-BC15AFFFA4A5}.Debug|Any CPU.Build.0 = Debug|Any CPU
		{742FE0FA-8520-4072-BCDE-BC15AFFFA4A5}.Release|Any CPU.ActiveCfg = Release|Any CPU
		{742FE0FA-8520-4072-BCDE-BC15AFFFA4A5}.Release|Any CPU.Build.0 = Release|Any CPU
	EndGlobalSection
	GlobalSection(SolutionProperties) = preSolution
		HideSolutionNode = FALSE
	EndGlobalSection
	GlobalSection(NestedProjects) = preSolution
		{C8CC9FE3-58B7-4E50-BDDF-0429893C58B7} = {7D4A239B-64EC-4E10-AF4E-79445278ECE3}
		{742FE0FA-8520-4072-BCDE-BC15AFFFA4A5} = {C8CC9FE3-58B7-4E50-BDDF-0429893C58B7}
	EndGlobalSection
	GlobalSection(ExtensibilityGlobals) = postSolution
		SolutionGuid = {5C047487-6554-4056-BCD3-4C35FD7DE700}
	EndGlobalSection
EndGlobal
