
Microsoft Visual Studio Solution File, Format Version 12.00
# Visual Studio Version 17
VisualStudioVersion = 17.5.002.0
MinimumVisualStudioVersion = 10.0.40219.1
Project("{2150E333-8FDC-42A3-9474-1A3956D46DE8}") = "4-openai", "4-openai", "{0E921462-A285-467B-A55D-42D57D4CB11A}"
EndProject
Project("{2150E333-8FDC-42A3-9474-1A3956D46DE8}") = "4.1-bot-framework-chatgpt", "4.1-bot-framework-chatgpt", "{5D2A3C36-7F45-44A6-BBDA-E5D043EE4279}"
EndProject
Project("{9A19103F-16F7-4668-BE54-9A1E7A4F7556}") = "StateManagementBot", "4-openai\4.1-bot-framework-chatgpt\GPTBot\StateManagementBot.csproj", "{D63F2B9F-0232-4837-8D0A-C3E0E63AA8D8}"
EndProject
Global
	GlobalSection(SolutionConfigurationPlatforms) = preSolution
		Debug|Any CPU = Debug|Any CPU
		Release|Any CPU = Release|Any CPU
	EndGlobalSection
	GlobalSection(ProjectConfigurationPlatforms) = postSolution
		{D63F2B9F-0232-4837-8D0A-C3E0E63AA8D8}.Debug|Any CPU.ActiveCfg = Debug|Any CPU
		{D63F2B9F-0232-4837-8D0A-C3E0E63AA8D8}.Debug|Any CPU.Build.0 = Debug|Any CPU
		{D63F2B9F-0232-4837-8D0A-C3E0E63AA8D8}.Release|Any CPU.ActiveCfg = Release|Any CPU
		{D63F2B9F-0232-4837-8D0A-C3E0E63AA8D8}.Release|Any CPU.Build.0 = Release|Any CPU
	EndGlobalSection
	GlobalSection(SolutionProperties) = preSolution
		HideSolutionNode = FALSE
	EndGlobalSection
	GlobalSection(NestedProjects) = preSolution
		{5D2A3C36-7F45-44A6-BBDA-E5D043EE4279} = {0E921462-A285-467B-A55D-42D57D4CB11A}
		{D63F2B9F-0232-4837-8D0A-C3E0E63AA8D8} = {5D2A3C36-7F45-44A6-BBDA-E5D043EE4279}
	EndGlobalSection
	GlobalSection(ExtensibilityGlobals) = postSolution
		SolutionGuid = {A9373603-CD49-47A4-B242-1E0E0EB8520F}
	EndGlobalSection
EndGlobal
