
Microsoft Visual Studio Solution File, Format Version 12.00
# Visual Studio Version 17
VisualStudioVersion = 17.5.002.0
MinimumVisualStudioVersion = 10.0.40219.1
Project("{2150E333-8FDC-42A3-9474-1A3956D46DE8}") = "gen-ai", "gen-ai", "{4D787A58-0A61-4C08-B1F5-F14397C02DB8}"
EndProject
Project("{2150E333-8FDC-42A3-9474-1A3956D46DE8}") = "semantic-kernel-bot-in-a-box", "semantic-kernel-bot-in-a-box", "{86B59CC4-EABB-430A-9B8F-7B690D23327F}"
EndProject
Project("{9A19103F-16F7-4668-BE54-9A1E7A4F7556}") = "SemanticKernelBot", "gen-ai\semantic-kernel-bot-in-a-box\src\SemanticKernelBot.csproj", "{6096058F-463A-48B0-85E8-2764829AC405}"
EndProject
Project("{2150E333-8FDC-42A3-9474-1A3956D46DE8}") = "Assistants", "Assistants", "{1FA78F7A-7556-45BD-9C0E-72CBF700A736}"
EndProject
Project("{2150E333-8FDC-42A3-9474-1A3956D46DE8}") = "bot-in-a-box", "bot-in-a-box", "{2396D6E9-769E-4D11-A35A-FA117C731C1A}"
EndProject
Project("{9A19103F-16F7-4668-BE54-9A1E7A4F7556}") = "AssistantBot", "gen-ai\Assistants\bot-in-a-box\src\AssistantBot.csproj", "{BD4295BF-5B03-4817-B5AC-BA6F4C2C87AA}"
EndProject
Global
	GlobalSection(SolutionConfigurationPlatforms) = preSolution
		Debug|Any CPU = Debug|Any CPU
		Release|Any CPU = Release|Any CPU
	EndGlobalSection
	GlobalSection(ProjectConfigurationPlatforms) = postSolution
		{6096058F-463A-48B0-85E8-2764829AC405}.Debug|Any CPU.ActiveCfg = Debug|Any CPU
		{6096058F-463A-48B0-85E8-2764829AC405}.Debug|Any CPU.Build.0 = Debug|Any CPU
		{6096058F-463A-48B0-85E8-2764829AC405}.Release|Any CPU.ActiveCfg = Release|Any CPU
		{6096058F-463A-48B0-85E8-2764829AC405}.Release|Any CPU.Build.0 = Release|Any CPU
		{BD4295BF-5B03-4817-B5AC-BA6F4C2C87AA}.Debug|Any CPU.ActiveCfg = Debug|Any CPU
		{BD4295BF-5B03-4817-B5AC-BA6F4C2C87AA}.Debug|Any CPU.Build.0 = Debug|Any CPU
		{BD4295BF-5B03-4817-B5AC-BA6F4C2C87AA}.Release|Any CPU.ActiveCfg = Release|Any CPU
		{BD4295BF-5B03-4817-B5AC-BA6F4C2C87AA}.Release|Any CPU.Build.0 = Release|Any CPU
	EndGlobalSection
	GlobalSection(SolutionProperties) = preSolution
		HideSolutionNode = FALSE
	EndGlobalSection
	GlobalSection(NestedProjects) = preSolution
		{86B59CC4-EABB-430A-9B8F-7B690D23327F} = {4D787A58-0A61-4C08-B1F5-F14397C02DB8}
		{6096058F-463A-48B0-85E8-2764829AC405} = {86B59CC4-EABB-430A-9B8F-7B690D23327F}
		{1FA78F7A-7556-45BD-9C0E-72CBF700A736} = {4D787A58-0A61-4C08-B1F5-F14397C02DB8}
		{2396D6E9-769E-4D11-A35A-FA117C731C1A} = {1FA78F7A-7556-45BD-9C0E-72CBF700A736}
		{BD4295BF-5B03-4817-B5AC-BA6F4C2C87AA} = {2396D6E9-769E-4D11-A35A-FA117C731C1A}
	EndGlobalSection
	GlobalSection(ExtensibilityGlobals) = postSolution
		SolutionGuid = {2AD89DB5-3DD9-4F6A-8A0B-409537DA01A9}
	EndGlobalSection
EndGlobal
